
Microsoft Visual Studio Solution File, Format Version 12.00
# Visual Studio Version 16
VisualStudioVersion = 16.0.31321.278
MinimumVisualStudioVersion = 10.0.40219.1
Project("{FAE04EC0-301F-11D3-BF4B-00C04F79EFBC}") = "RadioButtonDemo.Android", "RadioButtonDemo.Android\RadioButtonDemo.Android.csproj", "{294CA97A-6FF2-4124-9889-0D3EF7D8D93A}"
EndProject
Project("{FAE04EC0-301F-11D3-BF4B-00C04F79EFBC}") = "RadioButtonDemo.iOS", "RadioButtonDemo.iOS\RadioButtonDemo.iOS.csproj", "{31E93262-3963-42E8-9F6E-25E4B8271A49}"
EndProject
Project("{FAE04EC0-301F-11D3-BF4B-00C04F79EFBC}") = "RadioButtonDemo", "RadioButtonDemo\RadioButtonDemo.csproj", "{86D80AE0-FD3F-4ECF-96B0-EF786885DCAD}"
EndProject
Global
	GlobalSection(SolutionConfigurationPlatforms) = preSolution
		Debug|Any CPU = Debug|Any CPU
		Debug|iPhone = Debug|iPhone
		Debug|iPhoneSimulator = Debug|iPhoneSimulator
		Release|Any CPU = Release|Any CPU
		Release|iPhone = Release|iPhone
		Release|iPhoneSimulator = Release|iPhoneSimulator
	EndGlobalSection
	GlobalSection(ProjectConfigurationPlatforms) = postSolution
		{294CA97A-6FF2-4124-9889-0D3EF7D8D93A}.Debug|Any CPU.ActiveCfg = Debug|Any CPU
		{294CA97A-6FF2-4124-9889-0D3EF7D8D93A}.Debug|Any CPU.Build.0 = Debug|Any CPU
		{294CA97A-6FF2-4124-9889-0D3EF7D8D93A}.Debug|Any CPU.Deploy.0 = Debug|Any CPU
		{294CA97A-6FF2-4124-9889-0D3EF7D8D93A}.Debug|iPhone.ActiveCfg = Debug|Any CPU
		{294CA97A-6FF2-4124-9889-0D3EF7D8D93A}.Debug|iPhone.Build.0 = Debug|Any CPU
		{294CA97A-6FF2-4124-9889-0D3EF7D8D93A}.Debug|iPhone.Deploy.0 = Debug|Any CPU
		{294CA97A-6FF2-4124-9889-0D3EF7D8D93A}.Debug|iPhoneSimulator.ActiveCfg = Debug|Any CPU
		{294CA97A-6FF2-4124-9889-0D3EF7D8D93A}.Debug|iPhoneSimulator.Build.0 = Debug|Any CPU
		{294CA97A-6FF2-4124-9889-0D3EF7D8D93A}.Debug|iPhoneSimulator.Deploy.0 = Debug|Any CPU
		{294CA97A-6FF2-4124-9889-0D3EF7D8D93A}.Release|Any CPU.ActiveCfg = Release|Any CPU
		{294CA97A-6FF2-4124-9889-0D3EF7D8D93A}.Release|Any CPU.Build.0 = Release|Any CPU
		{294CA97A-6FF2-4124-9889-0D3EF7D8D93A}.Release|Any CPU.Deploy.0 = Release|Any CPU
		{294CA97A-6FF2-4124-9889-0D3EF7D8D93A}.Release|iPhone.ActiveCfg = Release|Any CPU
		{294CA97A-6FF2-4124-9889-0D3EF7D8D93A}.Release|iPhone.Build.0 = Release|Any CPU
		{294CA97A-6FF2-4124-9889-0D3EF7D8D93A}.Release|iPhone.Deploy.0 = Release|Any CPU
		{294CA97A-6FF2-4124-9889-0D3EF7D8D93A}.Release|iPhoneSimulator.ActiveCfg = Release|Any CPU
		{294CA97A-6FF2-4124-9889-0D3EF7D8D93A}.Release|iPhoneSimulator.Build.0 = Release|Any CPU
		{294CA97A-6FF2-4124-9889-0D3EF7D8D93A}.Release|iPhoneSimulator.Deploy.0 = Release|Any CPU
		{31E93262-3963-42E8-9F6E-25E4B8271A49}.Debug|Any CPU.ActiveCfg = Debug|iPhone
		{31E93262-3963-42E8-9F6E-25E4B8271A49}.Debug|Any CPU.Build.0 = Debug|iPhone
		{31E93262-3963-42E8-9F6E-25E4B8271A49}.Debug|Any CPU.Deploy.0 = Debug|iPhone
		{31E93262-3963-42E8-9F6E-25E4B8271A49}.Debug|iPhone.ActiveCfg = Debug|iPhone
		{31E93262-3963-42E8-9F6E-25E4B8271A49}.Debug|iPhone.Build.0 = Debug|iPhone
		{31E93262-3963-42E8-9F6E-25E4B8271A49}.Debug|iPhone.Deploy.0 = Debug|iPhone
		{31E93262-3963-42E8-9F6E-25E4B8271A49}.Debug|iPhoneSimulator.ActiveCfg = Debug|iPhoneSimulator
		{31E93262-3963-42E8-9F6E-25E4B8271A49}.Debug|iPhoneSimulator.Build.0 = Debug|iPhoneSimulator
		{31E93262-3963-42E8-9F6E-25E4B8271A49}.Debug|iPhoneSimulator.Deploy.0 = Debug|iPhoneSimulator
		{31E93262-3963-42E8-9F6E-25E4B8271A49}.Release|Any CPU.ActiveCfg = Release|iPhoneSimulator
		{31E93262-3963-42E8-9F6E-25E4B8271A49}.Release|Any CPU.Build.0 = Release|iPhoneSimulator
		{31E93262-3963-42E8-9F6E-25E4B8271A49}.Release|Any CPU.Deploy.0 = Release|iPhoneSimulator
		{31E93262-3963-42E8-9F6E-25E4B8271A49}.Release|iPhone.ActiveCfg = Release|iPhone
		{31E93262-3963-42E8-9F6E-25E4B8271A49}.Release|iPhone.Build.0 = Release|iPhone
		{31E93262-3963-42E8-9F6E-25E4B8271A49}.Release|iPhone.Deploy.0 = Release|iPhone
		{31E93262-3963-42E8-9F6E-25E4B8271A49}.Release|iPhoneSimulator.ActiveCfg = Release|iPhoneSimulator
		{31E93262-3963-42E8-9F6E-25E4B8271A49}.Release|iPhoneSimulator.Build.0 = Release|iPhoneSimulator
		{31E93262-3963-42E8-9F6E-25E4B8271A49}.Release|iPhoneSimulator.Deploy.0 = Release|iPhoneSimulator
		{86D80AE0-FD3F-4ECF-96B0-EF786885DCAD}.Debug|Any CPU.ActiveCfg = Debug|Any CPU
		{86D80AE0-FD3F-4ECF-96B0-EF786885DCAD}.Debug|Any CPU.Build.0 = Debug|Any CPU
		{86D80AE0-FD3F-4ECF-96B0-EF786885DCAD}.Debug|Any CPU.Deploy.0 = Debug|Any CPU
		{86D80AE0-FD3F-4ECF-96B0-EF786885DCAD}.Debug|iPhone.ActiveCfg = Debug|Any CPU
		{86D80AE0-FD3F-4ECF-96B0-EF786885DCAD}.Debug|iPhone.Build.0 = Debug|Any CPU
		{86D80AE0-FD3F-4ECF-96B0-EF786885DCAD}.Debug|iPhone.Deploy.0 = Debug|Any CPU
		{86D80AE0-FD3F-4ECF-96B0-EF786885DCAD}.Debug|iPhoneSimulator.ActiveCfg = Debug|Any CPU
		{86D80AE0-FD3F-4ECF-96B0-EF786885DCAD}.Debug|iPhoneSimulator.Build.0 = Debug|Any CPU
		{86D80AE0-FD3F-4ECF-96B0-EF786885DCAD}.Debug|iPhoneSimulator.Deploy.0 = Debug|Any CPU
		{86D80AE0-FD3F-4ECF-96B0-EF786885DCAD}.Release|Any CPU.ActiveCfg = Release|Any CPU
		{86D80AE0-FD3F-4ECF-96B0-EF786885DCAD}.Release|Any CPU.Build.0 = Release|Any CPU
		{86D80AE0-FD3F-4ECF-96B0-EF786885DCAD}.Release|Any CPU.Deploy.0 = Release|Any CPU
		{86D80AE0-FD3F-4ECF-96B0-EF786885DCAD}.Release|iPhone.ActiveCfg = Release|Any CPU
		{86D80AE0-FD3F-4ECF-96B0-EF786885DCAD}.Release|iPhone.Build.0 = Release|Any CPU
		{86D80AE0-FD3F-4ECF-96B0-EF786885DCAD}.Release|iPhone.Deploy.0 = Release|Any CPU
		{86D80AE0-FD3F-4ECF-96B0-EF786885DCAD}.Release|iPhoneSimulator.ActiveCfg = Release|Any CPU
		{86D80AE0-FD3F-4ECF-96B0-EF786885DCAD}.Release|iPhoneSimulator.Build.0 = Release|Any CPU
		{86D80AE0-FD3F-4ECF-96B0-EF786885DCAD}.Release|iPhoneSimulator.Deploy.0 = Release|Any CPU
	EndGlobalSection
	GlobalSection(SolutionProperties) = preSolution
		HideSolutionNode = FALSE
	EndGlobalSection
	GlobalSection(ExtensibilityGlobals) = postSolution
		SolutionGuid = {4B1747B0-2704-4CE2-BABF-3FB47ACE50AB}
	EndGlobalSection
EndGlobal
